
Microsoft Visual Studio Solution File, Format Version 12.00
# Visual Studio Version 16
VisualStudioVersion = 16.0.29709.97
MinimumVisualStudioVersion = 10.0.40219.1
Project("{FAE04EC0-301F-11D3-BF4B-00C04F79EFBC}") = "ComicBookGallery", "ComicBookGallery\ComicBookGallery.csproj", "{A479ED8F-4160-421F-BAAE-6F78CD1B70D2}"
EndProject
Global
	GlobalSection(SolutionConfigurationPlatforms) = preSolution
		Debug|Any CPU = Debug|Any CPU
		Release|Any CPU = Release|Any CPU
	EndGlobalSection
	GlobalSection(ProjectConfigurationPlatforms) = postSolution
		{A479ED8F-4160-421F-BAAE-6F78CD1B70D2}.Debug|Any CPU.ActiveCfg = Debug|Any CPU
		{A479ED8F-4160-421F-BAAE-6F78CD1B70D2}.Debug|Any CPU.Build.0 = Debug|Any CPU
		{A479ED8F-4160-421F-BAAE-6F78CD1B70D2}.Release|Any CPU.ActiveCfg = Release|Any CPU
		{A479ED8F-4160-421F-BAAE-6F78CD1B70D2}.Release|Any CPU.Build.0 = Release|Any CPU
	EndGlobalSection
	GlobalSection(SolutionProperties) = preSolution
		HideSolutionNode = FALSE
	EndGlobalSection
	GlobalSection(ExtensibilityGlobals) = postSolution
		SolutionGuid = {A972C878-6361-4CD0-A0B5-6FA5D00AEC91}
	EndGlobalSection
EndGlobal
